
Microsoft Visual Studio Solution File, Format Version 12.00
# Visual Studio 2013
VisualStudioVersion = 12.0.21005.1
MinimumVisualStudioVersion = 10.0.40219.1
Project("{FAE04EC0-301F-11D3-BF4B-00C04F79EFBC}") = "Jogo", "Jogo\Jogo.csproj", "{7F0D8432-D7CB-4B1F-B3BB-B18BB817485B}"
EndProject
Project("{FAE04EC0-301F-11D3-BF4B-00C04F79EFBC}") = "TesteJogo", "TesteJogo\TesteJogo.csproj", "{E9C69795-685D-4840-B506-6E8FF2AF79E1}"
EndProject
Global
	GlobalSection(SolutionConfigurationPlatforms) = preSolution
		Debug|Any CPU = Debug|Any CPU
		Release|Any CPU = Release|Any CPU
	EndGlobalSection
	GlobalSection(ProjectConfigurationPlatforms) = postSolution
		{7F0D8432-D7CB-4B1F-B3BB-B18BB817485B}.Debug|Any CPU.ActiveCfg = Debug|Any CPU
		{7F0D8432-D7CB-4B1F-B3BB-B18BB817485B}.Debug|Any CPU.Build.0 = Debug|Any CPU
		{7F0D8432-D7CB-4B1F-B3BB-B18BB817485B}.Release|Any CPU.ActiveCfg = Release|Any CPU
		{7F0D8432-D7CB-4B1F-B3BB-B18BB817485B}.Release|Any CPU.Build.0 = Release|Any CPU
		{E9C69795-685D-4840-B506-6E8FF2AF79E1}.Debug|Any CPU.ActiveCfg = Debug|Any CPU
		{E9C69795-685D-4840-B506-6E8FF2AF79E1}.Debug|Any CPU.Build.0 = Debug|Any CPU
		{E9C69795-685D-4840-B506-6E8FF2AF79E1}.Release|Any CPU.ActiveCfg = Release|Any CPU
		{E9C69795-685D-4840-B506-6E8FF2AF79E1}.Release|Any CPU.Build.0 = Release|Any CPU
	EndGlobalSection
	GlobalSection(SolutionProperties) = preSolution
		HideSolutionNode = FALSE
	EndGlobalSection
EndGlobal
